{
  "name": "Mediasoup-Server",
  "version": "1.0.0",
  "lockfileVersion": 1,
  "requires": true,
  "dependencies": {
    "@types/node": {
      "version": "14.17.5",
      "resolved": "https://registry.npmjs.org/@types/node/-/node-14.17.5.tgz",
      "integrity": "sha512-bjqH2cX/O33jXT/UmReo2pM7DIJREPMnarixbQ57DOOzzFaI6D2+IcwaJQaJpv0M1E9TIhPCYVxrkcityLjlqA=="
    },
    "awaitqueue": {
      "version": "2.3.3",
      "resolved": "https://registry.npmjs.org/awaitqueue/-/awaitqueue-2.3.3.tgz",
      "integrity": "sha512-RbzQg6VtPUtyErm55iuQLTrBJ2uihy5BKBOEkyBwv67xm5Fn2o/j+Bz+a5BmfSoe2oZ5dcz9Z3fExS8pL+LLhw=="
    },
    "debug": {
      "version": "4.3.2",
      "resolved": "https://registry.npmjs.org/debug/-/debug-4.3.2.tgz",
      "integrity": "sha512-mOp8wKcvj7XxC78zLgw/ZA+6TSgkoE2C/ienthhRD298T7UNwAg9diBpLRxC0mOezLl4B0xV7M0cCO6P/O0Xhw==",
      "requires": {
        "ms": "2.1.2"
      }
    },
    "h264-profile-level-id": {
      "version": "1.0.1",
      "resolved": "https://registry.npmjs.org/h264-profile-level-id/-/h264-profile-level-id-1.0.1.tgz",
      "integrity": "sha512-D3Rln/jKNjKDW5ZTJTK3niSoOGE+pFqPvRHHVgQN3G7umcn/zWGPUo8Q8VpDj16x3hKz++zVviRNRmXu5cpN+Q==",
      "requires": {
        "debug": "4.3.2"
      }
    },
    "has-flag": {
      "version": "4.0.0",
      "resolved": "https://registry.npmjs.org/has-flag/-/has-flag-4.0.0.tgz",
      "integrity": "sha512-EykJT/Q1KjTWctppgIAgfSO0tKVuZUjhgMr17kqTumMl6Afv3EISleU7qZUzoXDFTAHTDC4NOoG/ZxU3EvlMPQ=="
    },
    "mediasoup": {
      "version": "3.7.18",
      "resolved": "https://registry.npmjs.org/mediasoup/-/mediasoup-3.7.18.tgz",
      "integrity": "sha512-xUtgbR43kbCbp0DUATZfhtm2nMLT91Peqc6NvdeWewiEWfMf/ptm4BTXcnhE274bpqzwkH0TOpK6R+SnBpeTog==",
      "requires": {
        "@types/node": "14.17.5",
        "awaitqueue": "2.3.3",
        "debug": "4.3.2",
        "h264-profile-level-id": "1.0.1",
        "netstring": "0.3.0",
        "random-number": "0.0.9",
        "supports-color": "8.1.1",
        "uuid": "8.3.2"
      }
    },
    "ms": {
      "version": "2.1.2",
      "resolved": "https://registry.npmjs.org/ms/-/ms-2.1.2.tgz",
      "integrity": "sha512-sGkPx+VjMtmA6MX27oA4FBFELFCZZ4S4XqeGOXCv68tT+jb3vk/RyaKWP0PTKyWtmLSM0b+adUTEvbs1PEaH2w=="
    },
    "netstring": {
      "version": "0.3.0",
      "resolved": "https://registry.npmjs.org/netstring/-/netstring-0.3.0.tgz",
      "integrity": "sha1-ho3FsgxY0/cwVTHUk2jqqr0ZtxI="
    },
    "random-number": {
      "version": "0.0.9",
      "resolved": "https://registry.npmjs.org/random-number/-/random-number-0.0.9.tgz",
      "integrity": "sha512-ipG3kRCREi/YQpi2A5QGcvDz1KemohovWmH6qGfboVyyGdR2t/7zQz0vFxrfxpbHQgPPdtVlUDaks3aikD1Ljw=="
    },
    "supports-color": {
      "version": "8.1.1",
      "resolved": "https://registry.npmjs.org/supports-color/-/supports-color-8.1.1.tgz",
      "integrity": "sha512-MpUEN2OodtUzxvKQl72cUF7RQ5EiHsGvSsVG0ia9c5RbWGL2CI4C7EpPS8UTBIplnlzZiNuV56w+FuNxy3ty2Q==",
      "requires": {
        "has-flag": "4.0.0"
      }
    },
    "uuid": {
      "version": "8.3.2",
      "resolved": "https://registry.npmjs.org/uuid/-/uuid-8.3.2.tgz",
      "integrity": "sha512-+NYs2QeMWy+GWFOEm9xnn6HCDp0l7QBD7ml8zLUmJ+93Q5NF0NocErnwkTkXVFNiX3/fpC6afS8Dhb/gz7R7eg=="
    }
  }
}
